
Microsoft Visual Studio Solution File, Format Version 12.00
# Visual Studio 15
VisualStudioVersion = 15.0.28307.136
MinimumVisualStudioVersion = 10.0.40219.1
Project("{FAE04EC0-301F-11D3-BF4B-00C04F79EFBC}") = "LoLTainer", "LoLTainer\LoLTainer.csproj", "{A369B3A6-E89D-4862-A87C-D0ECA850AF54}"
EndProject
Global
	GlobalSection(SolutionConfigurationPlatforms) = preSolution
		Debug|Any CPU = Debug|Any CPU
		Release|Any CPU = Release|Any CPU
	EndGlobalSection
	GlobalSection(ProjectConfigurationPlatforms) = postSolution
		{A369B3A6-E89D-4862-A87C-D0ECA850AF54}.Debug|Any CPU.ActiveCfg = Debug|Any CPU
		{A369B3A6-E89D-4862-A87C-D0ECA850AF54}.Debug|Any CPU.Build.0 = Debug|Any CPU
		{A369B3A6-E89D-4862-A87C-D0ECA850AF54}.Release|Any CPU.ActiveCfg = Release|Any CPU
		{A369B3A6-E89D-4862-A87C-D0ECA850AF54}.Release|Any CPU.Build.0 = Release|Any CPU
	EndGlobalSection
	GlobalSection(SolutionProperties) = preSolution
		HideSolutionNode = FALSE
	EndGlobalSection
	GlobalSection(ExtensibilityGlobals) = postSolution
		SolutionGuid = {E5342B82-9758-4A8B-875D-53D660D66B62}
	EndGlobalSection
EndGlobal
